
Microsoft Visual Studio Solution File, Format Version 12.00
# Visual Studio Version 17
VisualStudioVersion = 17.5.33516.290
MinimumVisualStudioVersion = 10.0.40219.1
Project("{FAE04EC0-301F-11D3-BF4B-00C04F79EFBC}") = "rWCMS", "rWCMS\rWCMS.csproj", "{F19912AF-A2B3-4143-BB8A-1FC9151FF1DF}"
EndProject
Global
	GlobalSection(SolutionConfigurationPlatforms) = preSolution
		Debug|Any CPU = Debug|Any CPU
		Release|Any CPU = Release|Any CPU
	EndGlobalSection
	GlobalSection(ProjectConfigurationPlatforms) = postSolution
		{F19912AF-A2B3-4143-BB8A-1FC9151FF1DF}.Debug|Any CPU.ActiveCfg = Debug|Any CPU
		{F19912AF-A2B3-4143-BB8A-1FC9151FF1DF}.Debug|Any CPU.Build.0 = Debug|Any CPU
		{F19912AF-A2B3-4143-BB8A-1FC9151FF1DF}.Release|Any CPU.ActiveCfg = Release|Any CPU
		{F19912AF-A2B3-4143-BB8A-1FC9151FF1DF}.Release|Any CPU.Build.0 = Release|Any CPU
	EndGlobalSection
	GlobalSection(SolutionProperties) = preSolution
		HideSolutionNode = FALSE
	EndGlobalSection
	GlobalSection(ExtensibilityGlobals) = postSolution
		SolutionGuid = {80F51CD3-DA05-406A-905B-0CE3DC2EB279}
	EndGlobalSection
EndGlobal
